
Microsoft Visual Studio Solution File, Format Version 9.00
# Visual Studio 2005
Project("{8BC9CEB8-8B4A-11D0-8D11-00A0C91BC942}") = "test", "test\test.vcproj", "{577410F7-5849-41D2-8E14-D24F883F9720}"
EndProject
Project("{8BC9CEB8-8B4A-11D0-8D11-00A0C91BC942}") = "GetCount", "GetCount\GetCount.vcproj", "{60BB0EEC-23A0-454B-85D6-F149110CA522}"
EndProject
Global
	GlobalSection(SolutionConfigurationPlatforms) = preSolution
		Debug|Win32 = Debug|Win32
		Release|Win32 = Release|Win32
	EndGlobalSection
	GlobalSection(ProjectConfigurationPlatforms) = postSolution
		{577410F7-5849-41D2-8E14-D24F883F9720}.Debug|Win32.ActiveCfg = Debug|Win32
		{577410F7-5849-41D2-8E14-D24F883F9720}.Debug|Win32.Build.0 = Debug|Win32
		{577410F7-5849-41D2-8E14-D24F883F9720}.Release|Win32.ActiveCfg = Release|Win32
		{577410F7-5849-41D2-8E14-D24F883F9720}.Release|Win32.Build.0 = Release|Win32
		{60BB0EEC-23A0-454B-85D6-F149110CA522}.Debug|Win32.ActiveCfg = Debug|Win32
		{60BB0EEC-23A0-454B-85D6-F149110CA522}.Debug|Win32.Build.0 = Debug|Win32
		{60BB0EEC-23A0-454B-85D6-F149110CA522}.Release|Win32.ActiveCfg = Release|Win32
		{60BB0EEC-23A0-454B-85D6-F149110CA522}.Release|Win32.Build.0 = Release|Win32
	EndGlobalSection
	GlobalSection(SolutionProperties) = preSolution
		HideSolutionNode = FALSE
	EndGlobalSection
EndGlobal
